
Microsoft Visual Studio Solution File, Format Version 12.00
# Visual Studio Version 17
VisualStudioVersion = 17.3.32825.248
MinimumVisualStudioVersion = 10.0.40219.1
Project("{9A19103F-16F7-4668-BE54-9A1E7A4F7556}") = "Kameleon2", "Kameleon2\Kameleon2.csproj", "{52D4DF28-286A-4D2B-8E2A-24B7A4761ECE}"
EndProject
Project("{9A19103F-16F7-4668-BE54-9A1E7A4F7556}") = "KameleonWPF", "KameleonWPF\KameleonWPF.csproj", "{B2D58009-D5ED-4B50-B925-2572EC920799}"
EndProject
Project("{FAE04EC0-301F-11D3-BF4B-00C04F79EFBC}") = "Kameleon2Test", "Kameleon2Test\Kameleon2Test.csproj", "{7CB082E2-71B8-45D8-B988-A33B3152FDA7}"
EndProject
Global
	GlobalSection(SolutionConfigurationPlatforms) = preSolution
		Debug|Any CPU = Debug|Any CPU
		Release|Any CPU = Release|Any CPU
	EndGlobalSection
	GlobalSection(ProjectConfigurationPlatforms) = postSolution
		{52D4DF28-286A-4D2B-8E2A-24B7A4761ECE}.Debug|Any CPU.ActiveCfg = Debug|Any CPU
		{52D4DF28-286A-4D2B-8E2A-24B7A4761ECE}.Debug|Any CPU.Build.0 = Debug|Any CPU
		{52D4DF28-286A-4D2B-8E2A-24B7A4761ECE}.Release|Any CPU.ActiveCfg = Release|Any CPU
		{52D4DF28-286A-4D2B-8E2A-24B7A4761ECE}.Release|Any CPU.Build.0 = Release|Any CPU
		{B2D58009-D5ED-4B50-B925-2572EC920799}.Debug|Any CPU.ActiveCfg = Debug|Any CPU
		{B2D58009-D5ED-4B50-B925-2572EC920799}.Debug|Any CPU.Build.0 = Debug|Any CPU
		{B2D58009-D5ED-4B50-B925-2572EC920799}.Release|Any CPU.ActiveCfg = Release|Any CPU
		{B2D58009-D5ED-4B50-B925-2572EC920799}.Release|Any CPU.Build.0 = Release|Any CPU
		{7CB082E2-71B8-45D8-B988-A33B3152FDA7}.Debug|Any CPU.ActiveCfg = Debug|Any CPU
		{7CB082E2-71B8-45D8-B988-A33B3152FDA7}.Debug|Any CPU.Build.0 = Debug|Any CPU
		{7CB082E2-71B8-45D8-B988-A33B3152FDA7}.Release|Any CPU.ActiveCfg = Release|Any CPU
		{7CB082E2-71B8-45D8-B988-A33B3152FDA7}.Release|Any CPU.Build.0 = Release|Any CPU
	EndGlobalSection
	GlobalSection(SolutionProperties) = preSolution
		HideSolutionNode = FALSE
	EndGlobalSection
	GlobalSection(ExtensibilityGlobals) = postSolution
		SolutionGuid = {0D79E3BA-340F-4A89-BDCB-B74728C5ACDA}
	EndGlobalSection
EndGlobal
